
Microsoft Visual Studio Solution File, Format Version 12.00
# Visual Studio Version 17
VisualStudioVersion = 17.3.32819.101
MinimumVisualStudioVersion = 10.0.40219.1
Project("{9A19103F-16F7-4668-BE54-9A1E7A4F7556}") = "DilshodWorkflowEngine.Server", "DilshodWorkflowEngine\Server\DilshodWorkflowEngine.Server.csproj", "{B81A318B-BA10-44AB-B38A-8DBC1DBFD4C5}"
EndProject
Project("{9A19103F-16F7-4668-BE54-9A1E7A4F7556}") = "DilshodWorkflowEngine.Client", "DilshodWorkflowEngine\Client\DilshodWorkflowEngine.Client.csproj", "{3A1337EC-0BAE-4258-B7AB-EA4D9D7B483D}"
EndProject
Project("{9A19103F-16F7-4668-BE54-9A1E7A4F7556}") = "DilshodWorkflowEngine.Data", "DilshodWorkflowEngine\Shared\DilshodWorkflowEngine.Data.csproj", "{B416125E-D887-43C7-86DF-184E8CD3199C}"
EndProject
Project("{FAE04EC0-301F-11D3-BF4B-00C04F79EFBC}") = "Services", "Services\Services.csproj", "{9948E214-5567-4B34-9E38-7262439FA2C9}"
EndProject
Project("{2150E333-8FDC-42A3-9474-1A3956D46DE8}") = "Service", "Service", "{A6AAEDC6-2102-4E83-B8D1-2FFEEF7AA8F4}"
EndProject
Project("{FAE04EC0-301F-11D3-BF4B-00C04F79EFBC}") = "Builder", "Builder\Builder.csproj", "{11C706DD-DD29-42C3-AFFA-BABEF9C5510F}"
EndProject
Project("{2150E333-8FDC-42A3-9474-1A3956D46DE8}") = "Database", "Database", "{4F2B1D4D-F752-4694-A850-30E27C4BA3EA}"
EndProject
Project("{FAE04EC0-301F-11D3-BF4B-00C04F79EFBC}") = "Context", "Context\Context.csproj", "{7069CF4A-051B-447C-A6E0-FE5235BFDDB5}"
EndProject
Project("{2150E333-8FDC-42A3-9474-1A3956D46DE8}") = "Core", "Core", "{68EC0EA3-1D8A-46A7-ABFB-090D72C323FE}"
EndProject
Project("{FAE04EC0-301F-11D3-BF4B-00C04F79EFBC}") = "Models", "Models\Models.csproj", "{BDF6D80D-432E-4F9D-9C9A-070D78B083FE}"
EndProject
Project("{2150E333-8FDC-42A3-9474-1A3956D46DE8}") = "Api", "Api", "{8A66AC2E-B377-4E73-B826-77E6BFA032E9}"
EndProject
Project("{FAE04EC0-301F-11D3-BF4B-00C04F79EFBC}") = "WorkflowApi", "WorkflowApi\WorkflowApi.csproj", "{05EE6D07-B1E7-4F36-9A31-5E21937516EE}"
EndProject
Project("{FAE04EC0-301F-11D3-BF4B-00C04F79EFBC}") = "Extensions", "Extensions\Extensions.csproj", "{64229CAE-82EB-4DA3-80F3-EAB6AC7495B7}"
EndProject
Project("{2150E333-8FDC-42A3-9474-1A3956D46DE8}") = "Server", "Server", "{B93562CD-FE7B-4B02-914E-D3625E4FDBCD}"
EndProject
Project("{2150E333-8FDC-42A3-9474-1A3956D46DE8}") = "Dashboard", "Dashboard", "{8F4206EC-66A6-4AB1-9EB5-A0002DF83823}"
EndProject
Project("{FAE04EC0-301F-11D3-BF4B-00C04F79EFBC}") = "ActivitiesApi", "ActivitiesApi\ActivitiesApi.csproj", "{BFCD9BE9-425C-4FB1-84AB-403D437236B8}"
EndProject
Global
	GlobalSection(SolutionConfigurationPlatforms) = preSolution
		Debug|Any CPU = Debug|Any CPU
		Release|Any CPU = Release|Any CPU
	EndGlobalSection
	GlobalSection(ProjectConfigurationPlatforms) = postSolution
		{B81A318B-BA10-44AB-B38A-8DBC1DBFD4C5}.Debug|Any CPU.ActiveCfg = Debug|Any CPU
		{B81A318B-BA10-44AB-B38A-8DBC1DBFD4C5}.Debug|Any CPU.Build.0 = Debug|Any CPU
		{B81A318B-BA10-44AB-B38A-8DBC1DBFD4C5}.Release|Any CPU.ActiveCfg = Release|Any CPU
		{B81A318B-BA10-44AB-B38A-8DBC1DBFD4C5}.Release|Any CPU.Build.0 = Release|Any CPU
		{3A1337EC-0BAE-4258-B7AB-EA4D9D7B483D}.Debug|Any CPU.ActiveCfg = Debug|Any CPU
		{3A1337EC-0BAE-4258-B7AB-EA4D9D7B483D}.Debug|Any CPU.Build.0 = Debug|Any CPU
		{3A1337EC-0BAE-4258-B7AB-EA4D9D7B483D}.Release|Any CPU.ActiveCfg = Release|Any CPU
		{3A1337EC-0BAE-4258-B7AB-EA4D9D7B483D}.Release|Any CPU.Build.0 = Release|Any CPU
		{B416125E-D887-43C7-86DF-184E8CD3199C}.Debug|Any CPU.ActiveCfg = Debug|Any CPU
		{B416125E-D887-43C7-86DF-184E8CD3199C}.Debug|Any CPU.Build.0 = Debug|Any CPU
		{B416125E-D887-43C7-86DF-184E8CD3199C}.Release|Any CPU.ActiveCfg = Release|Any CPU
		{B416125E-D887-43C7-86DF-184E8CD3199C}.Release|Any CPU.Build.0 = Release|Any CPU
		{9948E214-5567-4B34-9E38-7262439FA2C9}.Debug|Any CPU.ActiveCfg = Debug|Any CPU
		{9948E214-5567-4B34-9E38-7262439FA2C9}.Debug|Any CPU.Build.0 = Debug|Any CPU
		{9948E214-5567-4B34-9E38-7262439FA2C9}.Release|Any CPU.ActiveCfg = Release|Any CPU
		{9948E214-5567-4B34-9E38-7262439FA2C9}.Release|Any CPU.Build.0 = Release|Any CPU
		{11C706DD-DD29-42C3-AFFA-BABEF9C5510F}.Debug|Any CPU.ActiveCfg = Debug|Any CPU
		{11C706DD-DD29-42C3-AFFA-BABEF9C5510F}.Debug|Any CPU.Build.0 = Debug|Any CPU
		{11C706DD-DD29-42C3-AFFA-BABEF9C5510F}.Release|Any CPU.ActiveCfg = Release|Any CPU
		{11C706DD-DD29-42C3-AFFA-BABEF9C5510F}.Release|Any CPU.Build.0 = Release|Any CPU
		{7069CF4A-051B-447C-A6E0-FE5235BFDDB5}.Debug|Any CPU.ActiveCfg = Debug|Any CPU
		{7069CF4A-051B-447C-A6E0-FE5235BFDDB5}.Debug|Any CPU.Build.0 = Debug|Any CPU
		{7069CF4A-051B-447C-A6E0-FE5235BFDDB5}.Release|Any CPU.ActiveCfg = Release|Any CPU
		{7069CF4A-051B-447C-A6E0-FE5235BFDDB5}.Release|Any CPU.Build.0 = Release|Any CPU
		{BDF6D80D-432E-4F9D-9C9A-070D78B083FE}.Debug|Any CPU.ActiveCfg = Debug|Any CPU
		{BDF6D80D-432E-4F9D-9C9A-070D78B083FE}.Debug|Any CPU.Build.0 = Debug|Any CPU
		{BDF6D80D-432E-4F9D-9C9A-070D78B083FE}.Release|Any CPU.ActiveCfg = Release|Any CPU
		{BDF6D80D-432E-4F9D-9C9A-070D78B083FE}.Release|Any CPU.Build.0 = Release|Any CPU
		{05EE6D07-B1E7-4F36-9A31-5E21937516EE}.Debug|Any CPU.ActiveCfg = Debug|Any CPU
		{05EE6D07-B1E7-4F36-9A31-5E21937516EE}.Debug|Any CPU.Build.0 = Debug|Any CPU
		{05EE6D07-B1E7-4F36-9A31-5E21937516EE}.Release|Any CPU.ActiveCfg = Release|Any CPU
		{05EE6D07-B1E7-4F36-9A31-5E21937516EE}.Release|Any CPU.Build.0 = Release|Any CPU
		{64229CAE-82EB-4DA3-80F3-EAB6AC7495B7}.Debug|Any CPU.ActiveCfg = Debug|Any CPU
		{64229CAE-82EB-4DA3-80F3-EAB6AC7495B7}.Debug|Any CPU.Build.0 = Debug|Any CPU
		{64229CAE-82EB-4DA3-80F3-EAB6AC7495B7}.Release|Any CPU.ActiveCfg = Release|Any CPU
		{64229CAE-82EB-4DA3-80F3-EAB6AC7495B7}.Release|Any CPU.Build.0 = Release|Any CPU
		{BFCD9BE9-425C-4FB1-84AB-403D437236B8}.Debug|Any CPU.ActiveCfg = Debug|Any CPU
		{BFCD9BE9-425C-4FB1-84AB-403D437236B8}.Debug|Any CPU.Build.0 = Debug|Any CPU
		{BFCD9BE9-425C-4FB1-84AB-403D437236B8}.Release|Any CPU.ActiveCfg = Release|Any CPU
		{BFCD9BE9-425C-4FB1-84AB-403D437236B8}.Release|Any CPU.Build.0 = Release|Any CPU
	EndGlobalSection
	GlobalSection(SolutionProperties) = preSolution
		HideSolutionNode = FALSE
	EndGlobalSection
	GlobalSection(ExtensibilityGlobals) = postSolution
		SolutionGuid = {DB53710D-8953-4550-B15F-9EF3FB7063A4}
	EndGlobalSection
	GlobalSection(NestedProjects) = preSolution
		{9948E214-5567-4B34-9E38-7262439FA2C9} = {A6AAEDC6-2102-4E83-B8D1-2FFEEF7AA8F4}
		{11C706DD-DD29-42C3-AFFA-BABEF9C5510F} = {A6AAEDC6-2102-4E83-B8D1-2FFEEF7AA8F4}
		{7069CF4A-051B-447C-A6E0-FE5235BFDDB5} = {4F2B1D4D-F752-4694-A850-30E27C4BA3EA}
		{BDF6D80D-432E-4F9D-9C9A-070D78B083FE} = {68EC0EA3-1D8A-46A7-ABFB-090D72C323FE}
		{05EE6D07-B1E7-4F36-9A31-5E21937516EE} = {8A66AC2E-B377-4E73-B826-77E6BFA032E9}
		{64229CAE-82EB-4DA3-80F3-EAB6AC7495B7} = {68EC0EA3-1D8A-46A7-ABFB-090D72C323FE}
		{A6AAEDC6-2102-4E83-B8D1-2FFEEF7AA8F4} = {B93562CD-FE7B-4B02-914E-D3625E4FDBCD}
		{4F2B1D4D-F752-4694-A850-30E27C4BA3EA} = {B93562CD-FE7B-4B02-914E-D3625E4FDBCD}
		{68EC0EA3-1D8A-46A7-ABFB-090D72C323FE} = {B93562CD-FE7B-4B02-914E-D3625E4FDBCD}
		{8A66AC2E-B377-4E73-B826-77E6BFA032E9} = {B93562CD-FE7B-4B02-914E-D3625E4FDBCD}
		{BFCD9BE9-425C-4FB1-84AB-403D437236B8} = {8A66AC2E-B377-4E73-B826-77E6BFA032E9}
	EndGlobalSection
EndGlobal
